// !$*UTF8*$!
{
	archiveVersion = 1;
	classes = {
	};
	objectVersion = 77;
	objects = {

/* Begin PBXBuildFile section */
		0408D22A2CA625C8000DE926 /* SwiftSoup in Frameworks */ = {isa = PBXBuildFile; productRef = 0408D2292CA625C8000DE926 /* SwiftSoup */; };
		042D05882CB87D860081F486 /* WidgetKit.framework in Frameworks */ = {isa = PBXBuildFile; fileRef = 042D05872CB87D860081F486 /* WidgetKit.framework */; };
		042D058A2CB87D860081F486 /* SwiftUI.framework in Frameworks */ = {isa = PBXBuildFile; fileRef = 042D05892CB87D860081F486 /* SwiftUI.framework */; };
		042D059B2CB87D870081F486 /* GymTrackerWidgetExtension.appex in Embed Foundation Extensions */ = {isa = PBXBuildFile; fileRef = 042D05852CB87D860081F486 /* GymTrackerWidgetExtension.appex */; settings = {ATTRIBUTES = (RemoveHeadersOnCopy, ); }; };
		042D05A22CB880FF0081F486 /* SwiftSoup in Frameworks */ = {isa = PBXBuildFile; productRef = 042D05A12CB880FF0081F486 /* SwiftSoup */; };
		0456A9BC2D3577BC0023446D /* CodeScanner in Frameworks */ = {isa = PBXBuildFile; productRef = 0456A9BB2D3577BC0023446D /* CodeScanner */; };
		0456A9D22D35A6E30023446D /* CDCodabarView in Frameworks */ = {isa = PBXBuildFile; productRef = 0456A9D12D35A6E30023446D /* CDCodabarView */; };
		049203C72D0CE45100BB1048 /* SyndiKit in Frameworks */ = {isa = PBXBuildFile; productRef = 049203C62D0CE45100BB1048 /* SyndiKit */; };
		049203CA2D0CE6EF00BB1048 /* FeedKit in Frameworks */ = {isa = PBXBuildFile; productRef = 049203C92D0CE6EF00BB1048 /* FeedKit */; };
		04CD88622D4BC2A1008C2EA4 /* GymTrackerWatch Watch App.app in Embed Watch Content */ = {isa = PBXBuildFile; fileRef = 04CD88552D4BC29F008C2EA4 /* GymTrackerWatch Watch App.app */; settings = {ATTRIBUTES = (RemoveHeadersOnCopy, ); }; };
		04CD89002D4BFBC6008C2EA4 /* SwiftSoup in Frameworks */ = {isa = PBXBuildFile; productRef = 04CD88FF2D4BFBC6008C2EA4 /* SwiftSoup */; };
		04F923D52E78D431000C1E0F /* XMLCoder in Frameworks */ = {isa = PBXBuildFile; productRef = 04F923D42E78D431000C1E0F /* XMLCoder */; };
/* End PBXBuildFile section */

/* Begin PBXContainerItemProxy section */
		042D05992CB87D870081F486 /* PBXContainerItemProxy */ = {
			isa = PBXContainerItemProxy;
			containerPortal = 0408D20E2CA62567000DE926 /* Project object */;
			proxyType = 1;
			remoteGlobalIDString = 042D05842CB87D860081F486;
			remoteInfo = GymTrackerWidgetExtension;
		};
		04CD88602D4BC2A1008C2EA4 /* PBXContainerItemProxy */ = {
			isa = PBXContainerItemProxy;
			containerPortal = 0408D20E2CA62567000DE926 /* Project object */;
			proxyType = 1;
			remoteGlobalIDString = 04CD88542D4BC29F008C2EA4;
			remoteInfo = "GymTrackerWatch Watch App";
		};
/* End PBXContainerItemProxy section */

/* Begin PBXCopyFilesBuildPhase section */
		042D05A02CB87D870081F486 /* Embed Foundation Extensions */ = {
			isa = PBXCopyFilesBuildPhase;
			buildActionMask = 2147483647;
			dstPath = "";
			dstSubfolderSpec = 13;
			files = (
				042D059B2CB87D870081F486 /* GymTrackerWidgetExtension.appex in Embed Foundation Extensions */,
			);
			name = "Embed Foundation Extensions";
			runOnlyForDeploymentPostprocessing = 0;
		};
		04509E4B2D4D7EE9003ECDE0 /* Embed Foundation Extensions */ = {
			isa = PBXCopyFilesBuildPhase;
			buildActionMask = 2147483647;
			dstPath = "";
			dstSubfolderSpec = 13;
			files = (
			);
			name = "Embed Foundation Extensions";
			runOnlyForDeploymentPostprocessing = 0;
		};
		04CD88662D4BC2A1008C2EA4 /* Embed Watch Content */ = {
			isa = PBXCopyFilesBuildPhase;
			buildActionMask = 2147483647;
			dstPath = "$(CONTENTS_FOLDER_PATH)/Watch";
			dstSubfolderSpec = 16;
			files = (
				04CD88622D4BC2A1008C2EA4 /* GymTrackerWatch Watch App.app in Embed Watch Content */,
			);
			name = "Embed Watch Content";
			runOnlyForDeploymentPostprocessing = 0;
		};
/* End PBXCopyFilesBuildPhase section */

/* Begin PBXFileReference section */
		0408D2162CA62567000DE926 /* Gym Tracker RC.app */ = {isa = PBXFileReference; explicitFileType = wrapper.application; includeInIndex = 0; path = "Gym Tracker RC.app"; sourceTree = BUILT_PRODUCTS_DIR; };
		042D05852CB87D860081F486 /* GymTrackerWidgetExtension.appex */ = {isa = PBXFileReference; explicitFileType = "wrapper.app-extension"; includeInIndex = 0; path = GymTrackerWidgetExtension.appex; sourceTree = BUILT_PRODUCTS_DIR; };
		042D05872CB87D860081F486 /* WidgetKit.framework */ = {isa = PBXFileReference; lastKnownFileType = wrapper.framework; name = WidgetKit.framework; path = System/Library/Frameworks/WidgetKit.framework; sourceTree = SDKROOT; };
		042D05892CB87D860081F486 /* SwiftUI.framework */ = {isa = PBXFileReference; lastKnownFileType = wrapper.framework; name = SwiftUI.framework; path = System/Library/Frameworks/SwiftUI.framework; sourceTree = SDKROOT; };
		04CD88552D4BC29F008C2EA4 /* GymTrackerWatch Watch App.app */ = {isa = PBXFileReference; explicitFileType = wrapper.application; includeInIndex = 0; path = "GymTrackerWatch Watch App.app"; sourceTree = BUILT_PRODUCTS_DIR; };
/* End PBXFileReference section */

/* Begin PBXFileSystemSynchronizedBuildFileExceptionSet section */
		040D603D2D4315BE00872CCE /* Exceptions for "GymTrackerWidget" folder in "GymTrackerWidgetExtension" target */ = {
			isa = PBXFileSystemSynchronizedBuildFileExceptionSet;
			membershipExceptions = (
				Info.plist,
			);
			target = 042D05842CB87D860081F486 /* GymTrackerWidgetExtension */;
		};
		046A50442CBDD7F9006A9F4A /* Exceptions for "Gym Tracker (RC)" folder in "GymTrackerWidgetExtension" target */ = {
			isa = PBXFileSystemSynchronizedBuildFileExceptionSet;
			membershipExceptions = (
				Assets.xcassets,
				CustomColors.swift,
				Services/Constants.swift,
				Services/GymService.swift,
				Services/UnifiedGymTrackerProvider.swift,
				Services/WarningManager.swift,
			);
			target = 042D05842CB87D860081F486 /* GymTrackerWidgetExtension */;
		};
		046A50462CBDD81C006A9F4A /* Exceptions for "GymTrackerWidget" folder in "Gym Tracker (RC)" target */ = {
			isa = PBXFileSystemSynchronizedBuildFileExceptionSet;
			membershipExceptions = (
				GymTrackerWidget.swift,
			);
			target = 0408D2152CA62567000DE926 /* Gym Tracker (RC) */;
		};
		04CD886C2D4BC486008C2EA4 /* Exceptions for "Gym Tracker (RC)" folder in "GymTrackerWatch Watch App" target */ = {
			isa = PBXFileSystemSynchronizedBuildFileExceptionSet;
			membershipExceptions = (
				Assets.xcassets,
				CustomColors.swift,
				OccupancyCard.swift,
				SegmentedProgressBar.swift,
				Services/Constants.swift,
				Services/GymFacility.swift,
				Services/GymService.swift,
				Services/NetworkMonitor.swift,
				Services/UnifiedGymTrackerProvider.swift,
				Services/WarningManager.swift,
			);
			target = 04CD88542D4BC29F008C2EA4 /* GymTrackerWatch Watch App */;
		};
/* End PBXFileSystemSynchronizedBuildFileExceptionSet section */

/* Begin PBXFileSystemSynchronizedRootGroup section */
		0408D2182CA62567000DE926 /* Gym Tracker (RC) */ = {
			isa = PBXFileSystemSynchronizedRootGroup;
			exceptions = (
				046A50442CBDD7F9006A9F4A /* Exceptions for "Gym Tracker (RC)" folder in "GymTrackerWidgetExtension" target */,
				04CD886C2D4BC486008C2EA4 /* Exceptions for "Gym Tracker (RC)" folder in "GymTrackerWatch Watch App" target */,
			);
			path = "Gym Tracker (RC)";
			sourceTree = "<group>";
		};
		042D058B2CB87D860081F486 /* GymTrackerWidget */ = {
			isa = PBXFileSystemSynchronizedRootGroup;
			exceptions = (
				046A50462CBDD81C006A9F4A /* Exceptions for "GymTrackerWidget" folder in "Gym Tracker (RC)" target */,
				040D603D2D4315BE00872CCE /* Exceptions for "GymTrackerWidget" folder in "GymTrackerWidgetExtension" target */,
			);
			path = GymTrackerWidget;
			sourceTree = "<group>";
		};
		04CD88562D4BC29F008C2EA4 /* GymTrackerWatch Watch App */ = {
			isa = PBXFileSystemSynchronizedRootGroup;
			path = "GymTrackerWatch Watch App";
			sourceTree = "<group>";
		};
/* End PBXFileSystemSynchronizedRootGroup section */

/* Begin PBXFrameworksBuildPhase section */
		0408D2132CA62567000DE926 /* Frameworks */ = {
			isa = PBXFrameworksBuildPhase;
			buildActionMask = 2147483647;
			files = (
				04F923D52E78D431000C1E0F /* XMLCoder in Frameworks */,
				0456A9BC2D3577BC0023446D /* CodeScanner in Frameworks */,
				049203CA2D0CE6EF00BB1048 /* FeedKit in Frameworks */,
				049203C72D0CE45100BB1048 /* SyndiKit in Frameworks */,
				0456A9D22D35A6E30023446D /* CDCodabarView in Frameworks */,
				0408D22A2CA625C8000DE926 /* SwiftSoup in Frameworks */,
			);
			runOnlyForDeploymentPostprocessing = 0;
		};
		042D05822CB87D860081F486 /* Frameworks */ = {
			isa = PBXFrameworksBuildPhase;
			buildActionMask = 2147483647;
			files = (
				042D058A2CB87D860081F486 /* SwiftUI.framework in Frameworks */,
				042D05882CB87D860081F486 /* WidgetKit.framework in Frameworks */,
				042D05A22CB880FF0081F486 /* SwiftSoup in Frameworks */,
			);
			runOnlyForDeploymentPostprocessing = 0;
		};
		04CD88522D4BC29F008C2EA4 /* Frameworks */ = {
			isa = PBXFrameworksBuildPhase;
			buildActionMask = 2147483647;
			files = (
				04CD89002D4BFBC6008C2EA4 /* SwiftSoup in Frameworks */,
			);
			runOnlyForDeploymentPostprocessing = 0;
		};
/* End PBXFrameworksBuildPhase section */

/* Begin PBXGroup section */
		0408D20D2CA62567000DE926 = {
			isa = PBXGroup;
			children = (
				0408D2182CA62567000DE926 /* Gym Tracker (RC) */,
				042D058B2CB87D860081F486 /* GymTrackerWidget */,
				04CD88562D4BC29F008C2EA4 /* GymTrackerWatch Watch App */,
				042D05862CB87D860081F486 /* Frameworks */,
				0408D2172CA62567000DE926 /* Products */,
			);
			sourceTree = "<group>";
		};
		0408D2172CA62567000DE926 /* Products */ = {
			isa = PBXGroup;
			children = (
				0408D2162CA62567000DE926 /* Gym Tracker RC.app */,
				042D05852CB87D860081F486 /* GymTrackerWidgetExtension.appex */,
				04CD88552D4BC29F008C2EA4 /* GymTrackerWatch Watch App.app */,
			);
			name = Products;
			sourceTree = "<group>";
		};
		042D05862CB87D860081F486 /* Frameworks */ = {
			isa = PBXGroup;
			children = (
				042D05872CB87D860081F486 /* WidgetKit.framework */,
				042D05892CB87D860081F486 /* SwiftUI.framework */,
			);
			name = Frameworks;
			sourceTree = "<group>";
		};
/* End PBXGroup section */

/* Begin PBXNativeTarget section */
		0408D2152CA62567000DE926 /* Gym Tracker (RC) */ = {
			isa = PBXNativeTarget;
			buildConfigurationList = 0408D2252CA62568000DE926 /* Build configuration list for PBXNativeTarget "Gym Tracker (RC)" */;
			buildPhases = (
				0408D2122CA62567000DE926 /* Sources */,
				0408D2132CA62567000DE926 /* Frameworks */,
				0408D2142CA62567000DE926 /* Resources */,
				042D05A02CB87D870081F486 /* Embed Foundation Extensions */,
				04CD88662D4BC2A1008C2EA4 /* Embed Watch Content */,
			);
			buildRules = (
			);
			dependencies = (
				042D059A2CB87D870081F486 /* PBXTargetDependency */,
				04CD88612D4BC2A1008C2EA4 /* PBXTargetDependency */,
			);
			fileSystemSynchronizedGroups = (
				0408D2182CA62567000DE926 /* Gym Tracker (RC) */,
			);
			name = "Gym Tracker (RC)";
			packageProductDependencies = (
				0408D2292CA625C8000DE926 /* SwiftSoup */,
				049203C62D0CE45100BB1048 /* SyndiKit */,
				049203C92D0CE6EF00BB1048 /* FeedKit */,
				0456A9BB2D3577BC0023446D /* CodeScanner */,
				0456A9D12D35A6E30023446D /* CDCodabarView */,
				04F923D42E78D431000C1E0F /* XMLCoder */,
			);
			productName = "Gym Tracker (RC)";
			productReference = 0408D2162CA62567000DE926 /* Gym Tracker RC.app */;
			productType = "com.apple.product-type.application";
		};
		042D05842CB87D860081F486 /* GymTrackerWidgetExtension */ = {
			isa = PBXNativeTarget;
			buildConfigurationList = 042D059D2CB87D870081F486 /* Build configuration list for PBXNativeTarget "GymTrackerWidgetExtension" */;
			buildPhases = (
				042D05812CB87D860081F486 /* Sources */,
				042D05822CB87D860081F486 /* Frameworks */,
				042D05832CB87D860081F486 /* Resources */,
			);
			buildRules = (
			);
			dependencies = (
			);
			fileSystemSynchronizedGroups = (
				042D058B2CB87D860081F486 /* GymTrackerWidget */,
			);
			name = GymTrackerWidgetExtension;
			packageProductDependencies = (
				042D05A12CB880FF0081F486 /* SwiftSoup */,
			);
			productName = GymTrackerWidgetExtension;
			productReference = 042D05852CB87D860081F486 /* GymTrackerWidgetExtension.appex */;
			productType = "com.apple.product-type.app-extension";
		};
		04CD88542D4BC29F008C2EA4 /* GymTrackerWatch Watch App */ = {
			isa = PBXNativeTarget;
			buildConfigurationList = 04CD88632D4BC2A1008C2EA4 /* Build configuration list for PBXNativeTarget "GymTrackerWatch Watch App" */;
			buildPhases = (
				04CD88512D4BC29F008C2EA4 /* Sources */,
				04CD88522D4BC29F008C2EA4 /* Frameworks */,
				04CD88532D4BC29F008C2EA4 /* Resources */,
				04509E4B2D4D7EE9003ECDE0 /* Embed Foundation Extensions */,
			);
			buildRules = (
			);
			dependencies = (
			);
			fileSystemSynchronizedGroups = (
				04CD88562D4BC29F008C2EA4 /* GymTrackerWatch Watch App */,
			);
			name = "GymTrackerWatch Watch App";
			packageProductDependencies = (
				04CD88FF2D4BFBC6008C2EA4 /* SwiftSoup */,
			);
			productName = "GymTrackerWatch Watch App";
			productReference = 04CD88552D4BC29F008C2EA4 /* GymTrackerWatch Watch App.app */;
			productType = "com.apple.product-type.application";
		};
/* End PBXNativeTarget section */

/* Begin PBXProject section */
		0408D20E2CA62567000DE926 /* Project object */ = {
			isa = PBXProject;
			attributes = {
				BuildIndependentTargetsInParallel = 1;
				LastSwiftUpdateCheck = 1620;
				LastUpgradeCheck = 2600;
				TargetAttributes = {
					0408D2152CA62567000DE926 = {
						CreatedOnToolsVersion = 16.0;
					};
					042D05842CB87D860081F486 = {
						CreatedOnToolsVersion = 16.0;
					};
					04CD88542D4BC29F008C2EA4 = {
						CreatedOnToolsVersion = 16.2;
					};
				};
			};
			buildConfigurationList = 0408D2112CA62567000DE926 /* Build configuration list for PBXProject "Gym Tracker" */;
			developmentRegion = en;
			hasScannedForEncodings = 0;
			knownRegions = (
				en,
				Base,
			);
			mainGroup = 0408D20D2CA62567000DE926;
			minimizedProjectReferenceProxies = 1;
			packageReferences = (
				0408D2282CA625C8000DE926 /* XCRemoteSwiftPackageReference "SwiftSoup" */,
				049203C52D0CE2D500BB1048 /* XCRemoteSwiftPackageReference "SyndiKit" */,
				049203C82D0CE6EF00BB1048 /* XCRemoteSwiftPackageReference "FeedKit" */,
				0456A9BA2D3577BC0023446D /* XCRemoteSwiftPackageReference "CodeScanner" */,
				0456A9D02D35A6E30023446D /* XCRemoteSwiftPackageReference "CDCodabarView" */,
				04F923D32E78D431000C1E0F /* XCRemoteSwiftPackageReference "XMLCoder" */,
			);
			preferredProjectObjectVersion = 77;
			productRefGroup = 0408D2172CA62567000DE926 /* Products */;
			projectDirPath = "";
			projectRoot = "";
			targets = (
				0408D2152CA62567000DE926 /* Gym Tracker (RC) */,
				042D05842CB87D860081F486 /* GymTrackerWidgetExtension */,
				04CD88542D4BC29F008C2EA4 /* GymTrackerWatch Watch App */,
			);
		};
/* End PBXProject section */

/* Begin PBXResourcesBuildPhase section */
		0408D2142CA62567000DE926 /* Resources */ = {
			isa = PBXResourcesBuildPhase;
			buildActionMask = 2147483647;
			files = (
			);
			runOnlyForDeploymentPostprocessing = 0;
		};
		042D05832CB87D860081F486 /* Resources */ = {
			isa = PBXResourcesBuildPhase;
			buildActionMask = 2147483647;
			files = (
			);
			runOnlyForDeploymentPostprocessing = 0;
		};
		04CD88532D4BC29F008C2EA4 /* Resources */ = {
			isa = PBXResourcesBuildPhase;
			buildActionMask = 2147483647;
			files = (
			);
			runOnlyForDeploymentPostprocessing = 0;
		};
/* End PBXResourcesBuildPhase section */

/* Begin PBXSourcesBuildPhase section */
		0408D2122CA62567000DE926 /* Sources */ = {
			isa = PBXSourcesBuildPhase;
			buildActionMask = 2147483647;
			files = (
			);
			runOnlyForDeploymentPostprocessing = 0;
		};
		042D05812CB87D860081F486 /* Sources */ = {
			isa = PBXSourcesBuildPhase;
			buildActionMask = 2147483647;
			files = (
			);
			runOnlyForDeploymentPostprocessing = 0;
		};
		04CD88512D4BC29F008C2EA4 /* Sources */ = {
			isa = PBXSourcesBuildPhase;
			buildActionMask = 2147483647;
			files = (
			);
			runOnlyForDeploymentPostprocessing = 0;
		};
/* End PBXSourcesBuildPhase section */

/* Begin PBXTargetDependency section */
		042D059A2CB87D870081F486 /* PBXTargetDependency */ = {
			isa = PBXTargetDependency;
			target = 042D05842CB87D860081F486 /* GymTrackerWidgetExtension */;
			targetProxy = 042D05992CB87D870081F486 /* PBXContainerItemProxy */;
		};
		04CD88612D4BC2A1008C2EA4 /* PBXTargetDependency */ = {
			isa = PBXTargetDependency;
			target = 04CD88542D4BC29F008C2EA4 /* GymTrackerWatch Watch App */;
			targetProxy = 04CD88602D4BC2A1008C2EA4 /* PBXContainerItemProxy */;
		};
/* End PBXTargetDependency section */

/* Begin XCBuildConfiguration section */
		0408D2232CA62568000DE926 /* Debug */ = {
			isa = XCBuildConfiguration;
			buildSettings = {
				ALWAYS_SEARCH_USER_PATHS = NO;
				ASSETCATALOG_COMPILER_GENERATE_SWIFT_ASSET_SYMBOL_EXTENSIONS = YES;
				CLANG_ANALYZER_NONNULL = YES;
				CLANG_ANALYZER_NUMBER_OBJECT_CONVERSION = YES_AGGRESSIVE;
				CLANG_CXX_LANGUAGE_STANDARD = "gnu++20";
				CLANG_ENABLE_MODULES = YES;
				CLANG_ENABLE_OBJC_ARC = YES;
				CLANG_ENABLE_OBJC_WEAK = YES;
				CLANG_WARN_BLOCK_CAPTURE_AUTORELEASING = YES;
				CLANG_WARN_BOOL_CONVERSION = YES;
				CLANG_WARN_COMMA = YES;
				CLANG_WARN_CONSTANT_CONVERSION = YES;
				CLANG_WARN_DEPRECATED_OBJC_IMPLEMENTATIONS = YES;
				CLANG_WARN_DIRECT_OBJC_ISA_USAGE = YES_ERROR;
				CLANG_WARN_DOCUMENTATION_COMMENTS = YES;
				CLANG_WARN_EMPTY_BODY = YES;
				CLANG_WARN_ENUM_CONVERSION = YES;
				CLANG_WARN_INFINITE_RECURSION = YES;
				CLANG_WARN_INT_CONVERSION = YES;
				CLANG_WARN_NON_LITERAL_NULL_CONVERSION = YES;
				CLANG_WARN_OBJC_IMPLICIT_RETAIN_SELF = YES;
				CLANG_WARN_OBJC_LITERAL_CONVERSION = YES;
				CLANG_WARN_OBJC_ROOT_CLASS = YES_ERROR;
				CLANG_WARN_QUOTED_INCLUDE_IN_FRAMEWORK_HEADER = YES;
				CLANG_WARN_RANGE_LOOP_ANALYSIS = YES;
				CLANG_WARN_STRICT_PROTOTYPES = YES;
				CLANG_WARN_SUSPICIOUS_MOVE = YES;
				CLANG_WARN_UNGUARDED_AVAILABILITY = YES_AGGRESSIVE;
				CLANG_WARN_UNREACHABLE_CODE = YES;
				CLANG_WARN__DUPLICATE_METHOD_MATCH = YES;
				COPY_PHASE_STRIP = NO;
				DEAD_CODE_STRIPPING = YES;
				DEBUG_INFORMATION_FORMAT = dwarf;
				DEVELOPMENT_TEAM = D8VXFBV8SJ;
				ENABLE_STRICT_OBJC_MSGSEND = YES;
				ENABLE_TESTABILITY = YES;
				ENABLE_USER_SCRIPT_SANDBOXING = YES;
				GCC_C_LANGUAGE_STANDARD = gnu17;
				GCC_DYNAMIC_NO_PIC = NO;
				GCC_NO_COMMON_BLOCKS = YES;
				GCC_OPTIMIZATION_LEVEL = 0;
				GCC_PREPROCESSOR_DEFINITIONS = (
					"DEBUG=1",
					"$(inherited)",
				);
				GCC_WARN_64_TO_32_BIT_CONVERSION = YES;
				GCC_WARN_ABOUT_RETURN_TYPE = YES_ERROR;
				GCC_WARN_UNDECLARED_SELECTOR = YES;
				GCC_WARN_UNINITIALIZED_AUTOS = YES_AGGRESSIVE;
				GCC_WARN_UNUSED_FUNCTION = YES;
				GCC_WARN_UNUSED_VARIABLE = YES;
				LOCALIZATION_PREFERS_STRING_CATALOGS = YES;
				MTL_ENABLE_DEBUG_INFO = INCLUDE_SOURCE;
				MTL_FAST_MATH = YES;
				ONLY_ACTIVE_ARCH = YES;
				STRING_CATALOG_GENERATE_SYMBOLS = YES;
				SWIFT_ACTIVE_COMPILATION_CONDITIONS = "DEBUG $(inherited)";
				SWIFT_OPTIMIZATION_LEVEL = "-Onone";
			};
			name = Debug;
		};
		0408D2242CA62568000DE926 /* Release */ = {
			isa = XCBuildConfiguration;
			buildSettings = {
				ALWAYS_SEARCH_USER_PATHS = NO;
				ASSETCATALOG_COMPILER_GENERATE_SWIFT_ASSET_SYMBOL_EXTENSIONS = YES;
				CLANG_ANALYZER_NONNULL = YES;
				CLANG_ANALYZER_NUMBER_OBJECT_CONVERSION = YES_AGGRESSIVE;
				CLANG_CXX_LANGUAGE_STANDARD = "gnu++20";
				CLANG_ENABLE_MODULES = YES;
				CLANG_ENABLE_OBJC_ARC = YES;
				CLANG_ENABLE_OBJC_WEAK = YES;
				CLANG_WARN_BLOCK_CAPTURE_AUTORELEASING = YES;
				CLANG_WARN_BOOL_CONVERSION = YES;
				CLANG_WARN_COMMA = YES;
				CLANG_WARN_CONSTANT_CONVERSION = YES;
				CLANG_WARN_DEPRECATED_OBJC_IMPLEMENTATIONS = YES;
				CLANG_WARN_DIRECT_OBJC_ISA_USAGE = YES_ERROR;
				CLANG_WARN_DOCUMENTATION_COMMENTS = YES;
				CLANG_WARN_EMPTY_BODY = YES;
				CLANG_WARN_ENUM_CONVERSION = YES;
				CLANG_WARN_INFINITE_RECURSION = YES;
				CLANG_WARN_INT_CONVERSION = YES;
				CLANG_WARN_NON_LITERAL_NULL_CONVERSION = YES;
				CLANG_WARN_OBJC_IMPLICIT_RETAIN_SELF = YES;
				CLANG_WARN_OBJC_LITERAL_CONVERSION = YES;
				CLANG_WARN_OBJC_ROOT_CLASS = YES_ERROR;
				CLANG_WARN_QUOTED_INCLUDE_IN_FRAMEWORK_HEADER = YES;
				CLANG_WARN_RANGE_LOOP_ANALYSIS = YES;
				CLANG_WARN_STRICT_PROTOTYPES = YES;
				CLANG_WARN_SUSPICIOUS_MOVE = YES;
				CLANG_WARN_UNGUARDED_AVAILABILITY = YES_AGGRESSIVE;
				CLANG_WARN_UNREACHABLE_CODE = YES;
				CLANG_WARN__DUPLICATE_METHOD_MATCH = YES;
				COPY_PHASE_STRIP = NO;
				DEAD_CODE_STRIPPING = YES;
				DEBUG_INFORMATION_FORMAT = "dwarf-with-dsym";
				DEVELOPMENT_TEAM = D8VXFBV8SJ;
				ENABLE_NS_ASSERTIONS = NO;
				ENABLE_STRICT_OBJC_MSGSEND = YES;
				ENABLE_USER_SCRIPT_SANDBOXING = YES;
				GCC_C_LANGUAGE_STANDARD = gnu17;
				GCC_NO_COMMON_BLOCKS = YES;
				GCC_WARN_64_TO_32_BIT_CONVERSION = YES;
				GCC_WARN_ABOUT_RETURN_TYPE = YES_ERROR;
				GCC_WARN_UNDECLARED_SELECTOR = YES;
				GCC_WARN_UNINITIALIZED_AUTOS = YES_AGGRESSIVE;
				GCC_WARN_UNUSED_FUNCTION = YES;
				GCC_WARN_UNUSED_VARIABLE = YES;
				LOCALIZATION_PREFERS_STRING_CATALOGS = YES;
				MTL_ENABLE_DEBUG_INFO = NO;
				MTL_FAST_MATH = YES;
				STRING_CATALOG_GENERATE_SYMBOLS = YES;
				SWIFT_COMPILATION_MODE = wholemodule;
			};
			name = Release;
		};
		0408D2262CA62568000DE926 /* Debug */ = {
			isa = XCBuildConfiguration;
			buildSettings = {
				ASSETCATALOG_COMPILER_APPICON_NAME = AppIcon;
				ASSETCATALOG_COMPILER_GLOBAL_ACCENT_COLOR_NAME = AccentColor;
				ASSETCATALOG_COMPILER_INCLUDE_ALL_APPICON_ASSETS = YES;
				CODE_SIGN_ENTITLEMENTS = "Gym Tracker (RC)/Gym_Tracker__RC_.entitlements";
				CODE_SIGN_STYLE = Automatic;
				CURRENT_PROJECT_VERSION = 1;
				DEAD_CODE_STRIPPING = YES;
				DEVELOPMENT_ASSET_PATHS = "\"Gym Tracker (RC)/Preview Content\"";
				ENABLE_APP_SANDBOX = YES;
				ENABLE_HARDENED_RUNTIME = YES;
				ENABLE_PREVIEWS = YES;
				ENABLE_USER_SELECTED_FILES = readonly;
				GENERATE_INFOPLIST_FILE = YES;
				INFOPLIST_FILE = "Gym-Tracker--RC--Info.plist";
				INFOPLIST_KEY_CFBundleDisplayName = "Gym Tracker";
				INFOPLIST_KEY_ITSAppUsesNonExemptEncryption = NO;
				INFOPLIST_KEY_LSApplicationCategoryType = "public.app-category.healthcare-fitness";
				INFOPLIST_KEY_NSCameraUsageDescription = "This app requires access to the camera to scan and store Hokie PID's.";
				INFOPLIST_KEY_NSFaceIDUsageDescription = "This app requires access to Face ID to protect your hokie passport.";
				"INFOPLIST_KEY_UIApplicationSceneManifest_Generation[sdk=iphoneos*]" = YES;
				"INFOPLIST_KEY_UIApplicationSceneManifest_Generation[sdk=iphonesimulator*]" = YES;
				"INFOPLIST_KEY_UIApplicationSupportsIndirectInputEvents[sdk=iphoneos*]" = YES;
				"INFOPLIST_KEY_UIApplicationSupportsIndirectInputEvents[sdk=iphonesimulator*]" = YES;
				"INFOPLIST_KEY_UILaunchScreen_Generation[sdk=iphoneos*]" = YES;
				"INFOPLIST_KEY_UILaunchScreen_Generation[sdk=iphonesimulator*]" = YES;
				INFOPLIST_KEY_UIRequiresFullScreen = NO;
				INFOPLIST_KEY_UIStatusBarHidden = NO;
				"INFOPLIST_KEY_UIStatusBarStyle[sdk=iphoneos*]" = UIStatusBarStyleDefault;
				"INFOPLIST_KEY_UIStatusBarStyle[sdk=iphonesimulator*]" = UIStatusBarStyleDefault;
				INFOPLIST_KEY_UISupportedInterfaceOrientations = UIInterfaceOrientationPortrait;
				INFOPLIST_KEY_UISupportedInterfaceOrientations_iPad = "UIInterfaceOrientationLandscapeLeft UIInterfaceOrientationLandscapeRight UIInterfaceOrientationPortrait UIInterfaceOrientationPortraitUpsideDown";
				IPHONEOS_DEPLOYMENT_TARGET = 17.0;
				LD_RUNPATH_SEARCH_PATHS = "@executable_path/Frameworks";
				"LD_RUNPATH_SEARCH_PATHS[sdk=macosx*]" = "@executable_path/../Frameworks";
				MACOSX_DEPLOYMENT_TARGET = 14.0;
				MARKETING_VERSION = 1.1;
				PRODUCT_BUNDLE_IDENTIFIER = "Hannon.Gym-Tracker--RC-";
				PRODUCT_NAME = "Gym Tracker RC";
				SDKROOT = auto;
				SUPPORTED_PLATFORMS = "iphoneos iphonesimulator";
				SUPPORTS_MACCATALYST = NO;
				SWIFT_EMIT_LOC_STRINGS = YES;
				SWIFT_VERSION = 5.0;
				TARGETED_DEVICE_FAMILY = "1,2,7";
				XROS_DEPLOYMENT_TARGET = 2.0;
			};
			name = Debug;
		};
		0408D2272CA62568000DE926 /* Release */ = {
			isa = XCBuildConfiguration;
			buildSettings = {
				ASSETCATALOG_COMPILER_APPICON_NAME = AppIcon;
				ASSETCATALOG_COMPILER_GLOBAL_ACCENT_COLOR_NAME = AccentColor;
				ASSETCATALOG_COMPILER_INCLUDE_ALL_APPICON_ASSETS = YES;
				CODE_SIGN_ENTITLEMENTS = "Gym Tracker (RC)/Gym_Tracker__RC_.entitlements";
				CODE_SIGN_STYLE = Automatic;
				CURRENT_PROJECT_VERSION = 1;
				DEAD_CODE_STRIPPING = YES;
				DEVELOPMENT_ASSET_PATHS = "\"Gym Tracker (RC)/Preview Content\"";
				ENABLE_APP_SANDBOX = YES;
				ENABLE_HARDENED_RUNTIME = YES;
				ENABLE_PREVIEWS = YES;
				ENABLE_USER_SELECTED_FILES = readonly;
				GENERATE_INFOPLIST_FILE = YES;
				INFOPLIST_FILE = "Gym-Tracker--RC--Info.plist";
				INFOPLIST_KEY_CFBundleDisplayName = "Gym Tracker";
				INFOPLIST_KEY_ITSAppUsesNonExemptEncryption = NO;
				INFOPLIST_KEY_LSApplicationCategoryType = "public.app-category.healthcare-fitness";
				INFOPLIST_KEY_NSCameraUsageDescription = "This app requires access to the camera to scan and store Hokie PID's.";
				INFOPLIST_KEY_NSFaceIDUsageDescription = "This app requires access to Face ID to protect your hokie passport.";
				"INFOPLIST_KEY_UIApplicationSceneManifest_Generation[sdk=iphoneos*]" = YES;
				"INFOPLIST_KEY_UIApplicationSceneManifest_Generation[sdk=iphonesimulator*]" = YES;
				"INFOPLIST_KEY_UIApplicationSupportsIndirectInputEvents[sdk=iphoneos*]" = YES;
				"INFOPLIST_KEY_UIApplicationSupportsIndirectInputEvents[sdk=iphonesimulator*]" = YES;
				"INFOPLIST_KEY_UILaunchScreen_Generation[sdk=iphoneos*]" = YES;
				"INFOPLIST_KEY_UILaunchScreen_Generation[sdk=iphonesimulator*]" = YES;
				INFOPLIST_KEY_UIRequiresFullScreen = NO;
				INFOPLIST_KEY_UIStatusBarHidden = NO;
				"INFOPLIST_KEY_UIStatusBarStyle[sdk=iphoneos*]" = UIStatusBarStyleDefault;
				"INFOPLIST_KEY_UIStatusBarStyle[sdk=iphonesimulator*]" = UIStatusBarStyleDefault;
				INFOPLIST_KEY_UISupportedInterfaceOrientations = UIInterfaceOrientationPortrait;
				INFOPLIST_KEY_UISupportedInterfaceOrientations_iPad = "UIInterfaceOrientationLandscapeLeft UIInterfaceOrientationLandscapeRight UIInterfaceOrientationPortrait UIInterfaceOrientationPortraitUpsideDown";
				IPHONEOS_DEPLOYMENT_TARGET = 17.0;
				LD_RUNPATH_SEARCH_PATHS = "@executable_path/Frameworks";
				"LD_RUNPATH_SEARCH_PATHS[sdk=macosx*]" = "@executable_path/../Frameworks";
				MACOSX_DEPLOYMENT_TARGET = 14.0;
				MARKETING_VERSION = 1.1;
				PRODUCT_BUNDLE_IDENTIFIER = "Hannon.Gym-Tracker--RC-";
				PRODUCT_NAME = "Gym Tracker RC";
				SDKROOT = auto;
				SUPPORTED_PLATFORMS = "iphoneos iphonesimulator";
				SUPPORTS_MACCATALYST = NO;
				SWIFT_EMIT_LOC_STRINGS = YES;
				SWIFT_VERSION = 5.0;
				TARGETED_DEVICE_FAMILY = "1,2,7";
				XROS_DEPLOYMENT_TARGET = 2.0;
			};
			name = Release;
		};
		042D059E2CB87D870081F486 /* Debug */ = {
			isa = XCBuildConfiguration;
			buildSettings = {
				ASSETCATALOG_COMPILER_GLOBAL_ACCENT_COLOR_NAME = AccentColor;
				ASSETCATALOG_COMPILER_WIDGET_BACKGROUND_COLOR_NAME = WidgetBackground;
				CODE_SIGN_ENTITLEMENTS = GymTrackerWidgetExtension.entitlements;
				CODE_SIGN_STYLE = Automatic;
				CURRENT_PROJECT_VERSION = 1;
				GENERATE_INFOPLIST_FILE = YES;
				INFOPLIST_FILE = GymTrackerWidget/Info.plist;
				INFOPLIST_KEY_CFBundleDisplayName = GymTrackerWidget;
				INFOPLIST_KEY_NSHumanReadableCopyright = "";
				IPHONEOS_DEPLOYMENT_TARGET = 17.0;
				LD_RUNPATH_SEARCH_PATHS = (
					"$(inherited)",
					"@executable_path/Frameworks",
					"@executable_path/../../Frameworks",
				);
				MARKETING_VERSION = 1.1;
				PRODUCT_BUNDLE_IDENTIFIER = "Hannon.Gym-Tracker--RC-.GymTrackerWidget";
				PRODUCT_NAME = "$(TARGET_NAME)";
				SDKROOT = iphoneos;
				SKIP_INSTALL = YES;
				SUPPORTED_PLATFORMS = "iphoneos iphonesimulator";
				SUPPORTS_MACCATALYST = NO;
				SUPPORTS_MAC_DESIGNED_FOR_IPHONE_IPAD = NO;
				SUPPORTS_XR_DESIGNED_FOR_IPHONE_IPAD = NO;
				SWIFT_EMIT_LOC_STRINGS = YES;
				SWIFT_VERSION = 5.0;
				TARGETED_DEVICE_FAMILY = "1,2";
			};
			name = Debug;
		};
		042D059F2CB87D870081F486 /* Release */ = {
			isa = XCBuildConfiguration;
			buildSettings = {
				ASSETCATALOG_COMPILER_GLOBAL_ACCENT_COLOR_NAME = AccentColor;
				ASSETCATALOG_COMPILER_WIDGET_BACKGROUND_COLOR_NAME = WidgetBackground;
				CODE_SIGN_ENTITLEMENTS = GymTrackerWidgetExtension.entitlements;
				CODE_SIGN_STYLE = Automatic;
				CURRENT_PROJECT_VERSION = 1;
				GENERATE_INFOPLIST_FILE = YES;
				INFOPLIST_FILE = GymTrackerWidget/Info.plist;
				INFOPLIST_KEY_CFBundleDisplayName = GymTrackerWidget;
				INFOPLIST_KEY_NSHumanReadableCopyright = "";
				IPHONEOS_DEPLOYMENT_TARGET = 17.0;
				LD_RUNPATH_SEARCH_PATHS = (
					"$(inherited)",
					"@executable_path/Frameworks",
					"@executable_path/../../Frameworks",
				);
				MARKETING_VERSION = 1.1;
				PRODUCT_BUNDLE_IDENTIFIER = "Hannon.Gym-Tracker--RC-.GymTrackerWidget";
				PRODUCT_NAME = "$(TARGET_NAME)";
				SDKROOT = iphoneos;
				SKIP_INSTALL = YES;
				SUPPORTED_PLATFORMS = "iphoneos iphonesimulator";
				SUPPORTS_MACCATALYST = NO;
				SUPPORTS_MAC_DESIGNED_FOR_IPHONE_IPAD = NO;
				SUPPORTS_XR_DESIGNED_FOR_IPHONE_IPAD = NO;
				SWIFT_EMIT_LOC_STRINGS = YES;
				SWIFT_VERSION = 5.0;
				TARGETED_DEVICE_FAMILY = "1,2";
				VALIDATE_PRODUCT = YES;
			};
			name = Release;
		};
		04CD88642D4BC2A1008C2EA4 /* Debug */ = {
			isa = XCBuildConfiguration;
			buildSettings = {
				ASSETCATALOG_COMPILER_APPICON_NAME = AppIcon;
				ASSETCATALOG_COMPILER_GLOBAL_ACCENT_COLOR_NAME = AccentColor;
				CODE_SIGN_ENTITLEMENTS = "GymTrackerWatch Watch App/GymTrackerWatch Watch App.entitlements";
				CODE_SIGN_STYLE = Automatic;
				CURRENT_PROJECT_VERSION = 1;
				DEVELOPMENT_ASSET_PATHS = "\"GymTrackerWatch Watch App/Preview Content\"";
				ENABLE_PREVIEWS = YES;
				GENERATE_INFOPLIST_FILE = YES;
				INFOPLIST_KEY_CFBundleDisplayName = GymTrackerWatch;
				INFOPLIST_KEY_UISupportedInterfaceOrientations = "UIInterfaceOrientationPortrait UIInterfaceOrientationPortraitUpsideDown";
				INFOPLIST_KEY_WKCompanionAppBundleIdentifier = "Hannon.Gym-Tracker--RC-";
				LD_RUNPATH_SEARCH_PATHS = (
					"$(inherited)",
					"@executable_path/Frameworks",
				);
				MARKETING_VERSION = 1.1;
				PRODUCT_BUNDLE_IDENTIFIER = "Hannon.Gym-Tracker--RC-.watchkitapp";
				PRODUCT_NAME = "$(TARGET_NAME)";
				SDKROOT = watchos;
				SKIP_INSTALL = YES;
				SWIFT_EMIT_LOC_STRINGS = YES;
				SWIFT_VERSION = 5.0;
				TARGETED_DEVICE_FAMILY = 4;
				WATCHOS_DEPLOYMENT_TARGET = 10.0;
			};
			name = Debug;
		};
		04CD88652D4BC2A1008C2EA4 /* Release */ = {
			isa = XCBuildConfiguration;
			buildSettings = {
				ASSETCATALOG_COMPILER_APPICON_NAME = AppIcon;
				ASSETCATALOG_COMPILER_GLOBAL_ACCENT_COLOR_NAME = AccentColor;
				CODE_SIGN_ENTITLEMENTS = "GymTrackerWatch Watch App/GymTrackerWatch Watch App.entitlements";
				CODE_SIGN_STYLE = Automatic;
				CURRENT_PROJECT_VERSION = 1;
				DEVELOPMENT_ASSET_PATHS = "\"GymTrackerWatch Watch App/Preview Content\"";
				ENABLE_PREVIEWS = YES;
				GENERATE_INFOPLIST_FILE = YES;
				INFOPLIST_KEY_CFBundleDisplayName = GymTrackerWatch;
				INFOPLIST_KEY_UISupportedInterfaceOrientations = "UIInterfaceOrientationPortrait UIInterfaceOrientationPortraitUpsideDown";
				INFOPLIST_KEY_WKCompanionAppBundleIdentifier = "Hannon.Gym-Tracker--RC-";
				LD_RUNPATH_SEARCH_PATHS = (
					"$(inherited)",
					"@executable_path/Frameworks",
				);
				MARKETING_VERSION = 1.1;
				PRODUCT_BUNDLE_IDENTIFIER = "Hannon.Gym-Tracker--RC-.watchkitapp";
				PRODUCT_NAME = "$(TARGET_NAME)";
				SDKROOT = watchos;
				SKIP_INSTALL = YES;
				SWIFT_EMIT_LOC_STRINGS = YES;
				SWIFT_VERSION = 5.0;
				TARGETED_DEVICE_FAMILY = 4;
				VALIDATE_PRODUCT = YES;
				WATCHOS_DEPLOYMENT_TARGET = 10.0;
			};
			name = Release;
		};
/* End XCBuildConfiguration section */

/* Begin XCConfigurationList section */
		0408D2112CA62567000DE926 /* Build configuration list for PBXProject "Gym Tracker" */ = {
			isa = XCConfigurationList;
			buildConfigurations = (
				0408D2232CA62568000DE926 /* Debug */,
				0408D2242CA62568000DE926 /* Release */,
			);
			defaultConfigurationIsVisible = 0;
			defaultConfigurationName = Release;
		};
		0408D2252CA62568000DE926 /* Build configuration list for PBXNativeTarget "Gym Tracker (RC)" */ = {
			isa = XCConfigurationList;
			buildConfigurations = (
				0408D2262CA62568000DE926 /* Debug */,
				0408D2272CA62568000DE926 /* Release */,
			);
			defaultConfigurationIsVisible = 0;
			defaultConfigurationName = Release;
		};
		042D059D2CB87D870081F486 /* Build configuration list for PBXNativeTarget "GymTrackerWidgetExtension" */ = {
			isa = XCConfigurationList;
			buildConfigurations = (
				042D059E2CB87D870081F486 /* Debug */,
				042D059F2CB87D870081F486 /* Release */,
			);
			defaultConfigurationIsVisible = 0;
			defaultConfigurationName = Release;
		};
		04CD88632D4BC2A1008C2EA4 /* Build configuration list for PBXNativeTarget "GymTrackerWatch Watch App" */ = {
			isa = XCConfigurationList;
			buildConfigurations = (
				04CD88642D4BC2A1008C2EA4 /* Debug */,
				04CD88652D4BC2A1008C2EA4 /* Release */,
			);
			defaultConfigurationIsVisible = 0;
			defaultConfigurationName = Release;
		};
/* End XCConfigurationList section */

/* Begin XCRemoteSwiftPackageReference section */
		0408D2282CA625C8000DE926 /* XCRemoteSwiftPackageReference "SwiftSoup" */ = {
			isa = XCRemoteSwiftPackageReference;
			repositoryURL = "https://github.com/scinfu/SwiftSoup";
			requirement = {
				kind = upToNextMajorVersion;
				minimumVersion = 2.7.5;
			};
		};
		0456A9BA2D3577BC0023446D /* XCRemoteSwiftPackageReference "CodeScanner" */ = {
			isa = XCRemoteSwiftPackageReference;
			repositoryURL = "https://github.com/twostraws/CodeScanner";
			requirement = {
				kind = upToNextMajorVersion;
				minimumVersion = 2.5.2;
			};
		};
		0456A9D02D35A6E30023446D /* XCRemoteSwiftPackageReference "CDCodabarView" */ = {
			isa = XCRemoteSwiftPackageReference;
			repositoryURL = "https://github.com/Coledunsby/CDCodabarView";
			requirement = {
				kind = upToNextMajorVersion;
				minimumVersion = 1.3.0;
			};
		};
		049203C52D0CE2D500BB1048 /* XCRemoteSwiftPackageReference "SyndiKit" */ = {
			isa = XCRemoteSwiftPackageReference;
			repositoryURL = "https://github.com/brightdigit/SyndiKit";
			requirement = {
				kind = upToNextMajorVersion;
				minimumVersion = 0.4.0;
			};
		};
		049203C82D0CE6EF00BB1048 /* XCRemoteSwiftPackageReference "FeedKit" */ = {
			isa = XCRemoteSwiftPackageReference;
			repositoryURL = "https://github.com/nmdias/FeedKit.git";
			requirement = {
				kind = upToNextMajorVersion;
				minimumVersion = 9.1.2;
			};
		};
		04F923D32E78D431000C1E0F /* XCRemoteSwiftPackageReference "XMLCoder" */ = {
			isa = XCRemoteSwiftPackageReference;
			repositoryURL = "https://github.com/CoreOffice/XMLCoder";
			requirement = {
				kind = upToNextMajorVersion;
				minimumVersion = 0.17.1;
			};
		};
/* End XCRemoteSwiftPackageReference section */

/* Begin XCSwiftPackageProductDependency section */
		0408D2292CA625C8000DE926 /* SwiftSoup */ = {
			isa = XCSwiftPackageProductDependency;
			package = 0408D2282CA625C8000DE926 /* XCRemoteSwiftPackageReference "SwiftSoup" */;
			productName = SwiftSoup;
		};
		042D05A12CB880FF0081F486 /* SwiftSoup */ = {
			isa = XCSwiftPackageProductDependency;
			package = 0408D2282CA625C8000DE926 /* XCRemoteSwiftPackageReference "SwiftSoup" */;
			productName = SwiftSoup;
		};
		0456A9BB2D3577BC0023446D /* CodeScanner */ = {
			isa = XCSwiftPackageProductDependency;
			package = 0456A9BA2D3577BC0023446D /* XCRemoteSwiftPackageReference "CodeScanner" */;
			productName = CodeScanner;
		};
		0456A9D12D35A6E30023446D /* CDCodabarView */ = {
			isa = XCSwiftPackageProductDependency;
			package = 0456A9D02D35A6E30023446D /* XCRemoteSwiftPackageReference "CDCodabarView" */;
			productName = CDCodabarView;
		};
		049203C62D0CE45100BB1048 /* SyndiKit */ = {
			isa = XCSwiftPackageProductDependency;
			package = 049203C52D0CE2D500BB1048 /* XCRemoteSwiftPackageReference "SyndiKit" */;
			productName = SyndiKit;
		};
		049203C92D0CE6EF00BB1048 /* FeedKit */ = {
			isa = XCSwiftPackageProductDependency;
			package = 049203C82D0CE6EF00BB1048 /* XCRemoteSwiftPackageReference "FeedKit" */;
			productName = FeedKit;
		};
		04CD88FF2D4BFBC6008C2EA4 /* SwiftSoup */ = {
			isa = XCSwiftPackageProductDependency;
			package = 0408D2282CA625C8000DE926 /* XCRemoteSwiftPackageReference "SwiftSoup" */;
			productName = SwiftSoup;
		};
		04F923D42E78D431000C1E0F /* XMLCoder */ = {
			isa = XCSwiftPackageProductDependency;
			package = 04F923D32E78D431000C1E0F /* XCRemoteSwiftPackageReference "XMLCoder" */;
			productName = XMLCoder;
		};
/* End XCSwiftPackageProductDependency section */
	};
	rootObject = 0408D20E2CA62567000DE926 /* Project object */;
}
